
Microsoft Visual Studio Solution File, Format Version 12.00
# Visual Studio 2012
Project("{FAE04EC0-301F-11D3-BF4B-00C04F79EFBC}") = "DownloadCacheTest.Core", "DownloadCacheTest.Core\DownloadCacheTest.Core.csproj", "{1BD481C8-6C60-4511-8B35-A91BA8AC1EC9}"
EndProject
Project("{FAE04EC0-301F-11D3-BF4B-00C04F79EFBC}") = "DownloadCacheTest.iOS", "DownloadCacheTest.iOS\DownloadCacheTest.iOS.csproj", "{C1D68398-3A49-4CC9-A3A7-FD58C005D082}"
EndProject
Global
	GlobalSection(SolutionConfigurationPlatforms) = preSolution
		Debug|Any CPU = Debug|Any CPU
		Release|Any CPU = Release|Any CPU
		Debug|iPhoneSimulator = Debug|iPhoneSimulator
		Release|iPhone = Release|iPhone
		Release|iPhoneSimulator = Release|iPhoneSimulator
		Debug|iPhone = Debug|iPhone
	EndGlobalSection
	GlobalSection(ProjectConfigurationPlatforms) = postSolution
		{1BD481C8-6C60-4511-8B35-A91BA8AC1EC9}.Debug|Any CPU.ActiveCfg = Debug|Any CPU
		{1BD481C8-6C60-4511-8B35-A91BA8AC1EC9}.Debug|Any CPU.Build.0 = Debug|Any CPU
		{1BD481C8-6C60-4511-8B35-A91BA8AC1EC9}.Debug|iPhone.ActiveCfg = Debug|Any CPU
		{1BD481C8-6C60-4511-8B35-A91BA8AC1EC9}.Debug|iPhone.Build.0 = Debug|Any CPU
		{1BD481C8-6C60-4511-8B35-A91BA8AC1EC9}.Debug|iPhoneSimulator.ActiveCfg = Debug|Any CPU
		{1BD481C8-6C60-4511-8B35-A91BA8AC1EC9}.Debug|iPhoneSimulator.Build.0 = Debug|Any CPU
		{1BD481C8-6C60-4511-8B35-A91BA8AC1EC9}.Release|Any CPU.ActiveCfg = Release|Any CPU
		{1BD481C8-6C60-4511-8B35-A91BA8AC1EC9}.Release|Any CPU.Build.0 = Release|Any CPU
		{1BD481C8-6C60-4511-8B35-A91BA8AC1EC9}.Release|iPhone.ActiveCfg = Release|Any CPU
		{1BD481C8-6C60-4511-8B35-A91BA8AC1EC9}.Release|iPhone.Build.0 = Release|Any CPU
		{1BD481C8-6C60-4511-8B35-A91BA8AC1EC9}.Release|iPhoneSimulator.ActiveCfg = Release|Any CPU
		{1BD481C8-6C60-4511-8B35-A91BA8AC1EC9}.Release|iPhoneSimulator.Build.0 = Release|Any CPU
		{C1D68398-3A49-4CC9-A3A7-FD58C005D082}.Debug|Any CPU.ActiveCfg = Debug|iPhoneSimulator
		{C1D68398-3A49-4CC9-A3A7-FD58C005D082}.Debug|Any CPU.Build.0 = Debug|iPhoneSimulator
		{C1D68398-3A49-4CC9-A3A7-FD58C005D082}.Debug|iPhone.ActiveCfg = Debug|iPhone
		{C1D68398-3A49-4CC9-A3A7-FD58C005D082}.Debug|iPhone.Build.0 = Debug|iPhone
		{C1D68398-3A49-4CC9-A3A7-FD58C005D082}.Debug|iPhoneSimulator.ActiveCfg = Debug|iPhoneSimulator
		{C1D68398-3A49-4CC9-A3A7-FD58C005D082}.Debug|iPhoneSimulator.Build.0 = Debug|iPhoneSimulator
		{C1D68398-3A49-4CC9-A3A7-FD58C005D082}.Release|Any CPU.ActiveCfg = Release|iPhone
		{C1D68398-3A49-4CC9-A3A7-FD58C005D082}.Release|Any CPU.Build.0 = Release|iPhone
		{C1D68398-3A49-4CC9-A3A7-FD58C005D082}.Release|iPhone.ActiveCfg = Release|iPhone
		{C1D68398-3A49-4CC9-A3A7-FD58C005D082}.Release|iPhone.Build.0 = Release|iPhone
		{C1D68398-3A49-4CC9-A3A7-FD58C005D082}.Release|iPhoneSimulator.ActiveCfg = Release|iPhoneSimulator
		{C1D68398-3A49-4CC9-A3A7-FD58C005D082}.Release|iPhoneSimulator.Build.0 = Release|iPhoneSimulator
	EndGlobalSection
EndGlobal
